
Microsoft Visual Studio Solution File, Format Version 12.00
# Visual Studio Version 16
VisualStudioVersion = 16.0.31112.23
MinimumVisualStudioVersion = 10.0.40219.1
Project("{FAE04EC0-301F-11D3-BF4B-00C04F79EFBC}") = "Zref", "Zref.csproj", "{F4777B82-35BA-4531-BC74-392B77DCAEBC}"
EndProject
Global
	GlobalSection(SolutionConfigurationPlatforms) = preSolution
		Debug|Any CPU = Debug|Any CPU
		Release|Any CPU = Release|Any CPU
	EndGlobalSection
	GlobalSection(ProjectConfigurationPlatforms) = postSolution
		{F4777B82-35BA-4531-BC74-392B77DCAEBC}.Debug|Any CPU.ActiveCfg = Debug|Any CPU
		{F4777B82-35BA-4531-BC74-392B77DCAEBC}.Debug|Any CPU.Build.0 = Debug|Any CPU
		{F4777B82-35BA-4531-BC74-392B77DCAEBC}.Release|Any CPU.ActiveCfg = Release|Any CPU
		{F4777B82-35BA-4531-BC74-392B77DCAEBC}.Release|Any CPU.Build.0 = Release|Any CPU
	EndGlobalSection
	GlobalSection(SolutionProperties) = preSolution
		HideSolutionNode = FALSE
	EndGlobalSection
	GlobalSection(ExtensibilityGlobals) = postSolution
		SolutionGuid = {641CC75C-033E-4B18-8A46-8515D180E204}
	EndGlobalSection
EndGlobal
